
Microsoft Visual Studio Solution File, Format Version 12.00
# Visual Studio Version 16
VisualStudioVersion = 16.0.31205.134
MinimumVisualStudioVersion = 10.0.40219.1
Project("{FAE04EC0-301F-11D3-BF4B-00C04F79EFBC}") = "DefMat_V2.0", "DefMat_V2.0\DefMat_V2.0.csproj", "{0C04A884-91F1-4F86-B780-9FC790CC81BD}"
EndProject
Global
	GlobalSection(SolutionConfigurationPlatforms) = preSolution
		Debug|Any CPU = Debug|Any CPU
		Release|Any CPU = Release|Any CPU
	EndGlobalSection
	GlobalSection(ProjectConfigurationPlatforms) = postSolution
		{0C04A884-91F1-4F86-B780-9FC790CC81BD}.Debug|Any CPU.ActiveCfg = Debug|Any CPU
		{0C04A884-91F1-4F86-B780-9FC790CC81BD}.Debug|Any CPU.Build.0 = Debug|Any CPU
		{0C04A884-91F1-4F86-B780-9FC790CC81BD}.Release|Any CPU.ActiveCfg = Release|Any CPU
		{0C04A884-91F1-4F86-B780-9FC790CC81BD}.Release|Any CPU.Build.0 = Release|Any CPU
	EndGlobalSection
	GlobalSection(SolutionProperties) = preSolution
		HideSolutionNode = FALSE
	EndGlobalSection
	GlobalSection(ExtensibilityGlobals) = postSolution
		SolutionGuid = {9CA6CCE5-FA34-4431-8B9C-0CED87F74121}
	EndGlobalSection
EndGlobal
